// !$*UTF8*$!
{
	archiveVersion = 1;
	classes = {
	};
	objectVersion = 55;
	objects = {

/* Begin PBXBuildFile section */
		CA3D767C27B6C5FC0082C6A3 /* Tests_iOS.swift in Sources */ = {isa = PBXBuildFile; fileRef = CA3D767B27B6C5FC0082C6A3 /* Tests_iOS.swift */; };
		CA3D767E27B6C5FC0082C6A3 /* Tests_iOSLaunchTests.swift in Sources */ = {isa = PBXBuildFile; fileRef = CA3D767D27B6C5FC0082C6A3 /* Tests_iOSLaunchTests.swift */; };
		CA3D768827B6C5FC0082C6A3 /* Tests_macOS.swift in Sources */ = {isa = PBXBuildFile; fileRef = CA3D768727B6C5FC0082C6A3 /* Tests_macOS.swift */; };
		CA3D768A27B6C5FC0082C6A3 /* Tests_macOSLaunchTests.swift in Sources */ = {isa = PBXBuildFile; fileRef = CA3D768927B6C5FC0082C6A3 /* Tests_macOSLaunchTests.swift */; };
		CA3D768B27B6C5FC0082C6A3 /* PassGenApp.swift in Sources */ = {isa = PBXBuildFile; fileRef = CA3D766327B6C5F90082C6A3 /* PassGenApp.swift */; };
		CA3D768C27B6C5FC0082C6A3 /* PassGenApp.swift in Sources */ = {isa = PBXBuildFile; fileRef = CA3D766327B6C5F90082C6A3 /* PassGenApp.swift */; };
		CA3D768D27B6C5FC0082C6A3 /* ContentView.swift in Sources */ = {isa = PBXBuildFile; fileRef = CA3D766427B6C5F90082C6A3 /* ContentView.swift */; };
		CA3D768E27B6C5FC0082C6A3 /* ContentView.swift in Sources */ = {isa = PBXBuildFile; fileRef = CA3D766427B6C5F90082C6A3 /* ContentView.swift */; };
		CA3D768F27B6C5FC0082C6A3 /* Assets.xcassets in Resources */ = {isa = PBXBuildFile; fileRef = CA3D766527B6C5FC0082C6A3 /* Assets.xcassets */; };
		CA3D769027B6C5FC0082C6A3 /* Assets.xcassets in Resources */ = {isa = PBXBuildFile; fileRef = CA3D766527B6C5FC0082C6A3 /* Assets.xcassets */; };
		CA3D76A027B6C64F0082C6A3 /* PasswordGenerator.swift in Sources */ = {isa = PBXBuildFile; fileRef = CA3D769F27B6C64F0082C6A3 /* PasswordGenerator.swift */; };
		CA3D76A127B6C64F0082C6A3 /* PasswordGenerator.swift in Sources */ = {isa = PBXBuildFile; fileRef = CA3D769F27B6C64F0082C6A3 /* PasswordGenerator.swift */; };
		CAC542FF27F4E37A00A465B6 /* UnitTests_macOS.swift in Sources */ = {isa = PBXBuildFile; fileRef = CAC542FE27F4E37A00A465B6 /* UnitTests_macOS.swift */; };
/* End PBXBuildFile section */

/* Begin PBXContainerItemProxy section */
		CA3D767827B6C5FC0082C6A3 /* PBXContainerItemProxy */ = {
			isa = PBXContainerItemProxy;
			containerPortal = CA3D765E27B6C5F90082C6A3 /* Project object */;
			proxyType = 1;
			remoteGlobalIDString = CA3D766927B6C5FC0082C6A3;
			remoteInfo = "PassGen (iOS)";
		};
		CA3D768427B6C5FC0082C6A3 /* PBXContainerItemProxy */ = {
			isa = PBXContainerItemProxy;
			containerPortal = CA3D765E27B6C5F90082C6A3 /* Project object */;
			proxyType = 1;
			remoteGlobalIDString = CA3D766F27B6C5FC0082C6A3;
			remoteInfo = "PassGen (macOS)";
		};
		CAC5430027F4E37A00A465B6 /* PBXContainerItemProxy */ = {
			isa = PBXContainerItemProxy;
			containerPortal = CA3D765E27B6C5F90082C6A3 /* Project object */;
			proxyType = 1;
			remoteGlobalIDString = CA3D766F27B6C5FC0082C6A3;
			remoteInfo = "PassGen (macOS)";
		};
/* End PBXContainerItemProxy section */

/* Begin PBXFileReference section */
		CA3D766327B6C5F90082C6A3 /* PassGenApp.swift */ = {isa = PBXFileReference; lastKnownFileType = sourcecode.swift; path = PassGenApp.swift; sourceTree = "<group>"; };
		CA3D766427B6C5F90082C6A3 /* ContentView.swift */ = {isa = PBXFileReference; lastKnownFileType = sourcecode.swift; path = ContentView.swift; sourceTree = "<group>"; };
		CA3D766527B6C5FC0082C6A3 /* Assets.xcassets */ = {isa = PBXFileReference; lastKnownFileType = folder.assetcatalog; path = Assets.xcassets; sourceTree = "<group>"; };
		CA3D766A27B6C5FC0082C6A3 /* PassGen.app */ = {isa = PBXFileReference; explicitFileType = wrapper.application; includeInIndex = 0; path = PassGen.app; sourceTree = BUILT_PRODUCTS_DIR; };
		CA3D767027B6C5FC0082C6A3 /* PassGen.app */ = {isa = PBXFileReference; explicitFileType = wrapper.application; includeInIndex = 0; path = PassGen.app; sourceTree = BUILT_PRODUCTS_DIR; };
		CA3D767227B6C5FC0082C6A3 /* macOS.entitlements */ = {isa = PBXFileReference; lastKnownFileType = text.plist.entitlements; path = macOS.entitlements; sourceTree = "<group>"; };
		CA3D767727B6C5FC0082C6A3 /* Tests iOS.xctest */ = {isa = PBXFileReference; explicitFileType = wrapper.cfbundle; includeInIndex = 0; path = "Tests iOS.xctest"; sourceTree = BUILT_PRODUCTS_DIR; };
		CA3D767B27B6C5FC0082C6A3 /* Tests_iOS.swift */ = {isa = PBXFileReference; lastKnownFileType = sourcecode.swift; path = Tests_iOS.swift; sourceTree = "<group>"; };
		CA3D767D27B6C5FC0082C6A3 /* Tests_iOSLaunchTests.swift */ = {isa = PBXFileReference; lastKnownFileType = sourcecode.swift; path = Tests_iOSLaunchTests.swift; sourceTree = "<group>"; };
		CA3D768327B6C5FC0082C6A3 /* Tests macOS.xctest */ = {isa = PBXFileReference; explicitFileType = wrapper.cfbundle; includeInIndex = 0; path = "Tests macOS.xctest"; sourceTree = BUILT_PRODUCTS_DIR; };
		CA3D768727B6C5FC0082C6A3 /* Tests_macOS.swift */ = {isa = PBXFileReference; lastKnownFileType = sourcecode.swift; path = Tests_macOS.swift; sourceTree = "<group>"; };
		CA3D768927B6C5FC0082C6A3 /* Tests_macOSLaunchTests.swift */ = {isa = PBXFileReference; lastKnownFileType = sourcecode.swift; path = Tests_macOSLaunchTests.swift; sourceTree = "<group>"; };
		CA3D769F27B6C64F0082C6A3 /* PasswordGenerator.swift */ = {isa = PBXFileReference; lastKnownFileType = sourcecode.swift; path = PasswordGenerator.swift; sourceTree = "<group>"; };
		CAC542FC27F4E37A00A465B6 /* UnitTests_macOS.xctest */ = {isa = PBXFileReference; explicitFileType = wrapper.cfbundle; includeInIndex = 0; path = UnitTests_macOS.xctest; sourceTree = BUILT_PRODUCTS_DIR; };
		CAC542FE27F4E37A00A465B6 /* UnitTests_macOS.swift */ = {isa = PBXFileReference; lastKnownFileType = sourcecode.swift; path = UnitTests_macOS.swift; sourceTree = "<group>"; };
/* End PBXFileReference section */

/* Begin PBXFrameworksBuildPhase section */
		CA3D766727B6C5FC0082C6A3 /* Frameworks */ = {
			isa = PBXFrameworksBuildPhase;
			buildActionMask = 2147483647;
			files = (
			);
			runOnlyForDeploymentPostprocessing = 0;
		};
		CA3D766D27B6C5FC0082C6A3 /* Frameworks */ = {
			isa = PBXFrameworksBuildPhase;
			buildActionMask = 2147483647;
			files = (
			);
			runOnlyForDeploymentPostprocessing = 0;
		};
		CA3D767427B6C5FC0082C6A3 /* Frameworks */ = {
			isa = PBXFrameworksBuildPhase;
			buildActionMask = 2147483647;
			files = (
			);
			runOnlyForDeploymentPostprocessing = 0;
		};
		CA3D768027B6C5FC0082C6A3 /* Frameworks */ = {
			isa = PBXFrameworksBuildPhase;
			buildActionMask = 2147483647;
			files = (
			);
			runOnlyForDeploymentPostprocessing = 0;
		};
		CAC542F927F4E37A00A465B6 /* Frameworks */ = {
			isa = PBXFrameworksBuildPhase;
			buildActionMask = 2147483647;
			files = (
			);
			runOnlyForDeploymentPostprocessing = 0;
		};
/* End PBXFrameworksBuildPhase section */

/* Begin PBXGroup section */
		CA3D765D27B6C5F90082C6A3 = {
			isa = PBXGroup;
			children = (
				CA3D766227B6C5F90082C6A3 /* Shared */,
				CA3D767127B6C5FC0082C6A3 /* macOS */,
				CA3D767A27B6C5FC0082C6A3 /* Tests iOS */,
				CA3D768627B6C5FC0082C6A3 /* Tests macOS */,
				CAC542FD27F4E37A00A465B6 /* UnitTests_macOS */,
				CA3D766B27B6C5FC0082C6A3 /* Products */,
			);
			sourceTree = "<group>";
		};
		CA3D766227B6C5F90082C6A3 /* Shared */ = {
			isa = PBXGroup;
			children = (
				CA3D766327B6C5F90082C6A3 /* PassGenApp.swift */,
				CA3D766427B6C5F90082C6A3 /* ContentView.swift */,
				CA3D766527B6C5FC0082C6A3 /* Assets.xcassets */,
				CA3D769F27B6C64F0082C6A3 /* PasswordGenerator.swift */,
			);
			path = Shared;
			sourceTree = "<group>";
		};
		CA3D766B27B6C5FC0082C6A3 /* Products */ = {
			isa = PBXGroup;
			children = (
				CA3D766A27B6C5FC0082C6A3 /* PassGen.app */,
				CA3D767027B6C5FC0082C6A3 /* PassGen.app */,
				CA3D767727B6C5FC0082C6A3 /* Tests iOS.xctest */,
				CA3D768327B6C5FC0082C6A3 /* Tests macOS.xctest */,
				CAC542FC27F4E37A00A465B6 /* UnitTests_macOS.xctest */,
			);
			name = Products;
			sourceTree = "<group>";
		};
		CA3D767127B6C5FC0082C6A3 /* macOS */ = {
			isa = PBXGroup;
			children = (
				CA3D767227B6C5FC0082C6A3 /* macOS.entitlements */,
			);
			path = macOS;
			sourceTree = "<group>";
		};
		CA3D767A27B6C5FC0082C6A3 /* Tests iOS */ = {
			isa = PBXGroup;
			children = (
				CA3D767B27B6C5FC0082C6A3 /* Tests_iOS.swift */,
				CA3D767D27B6C5FC0082C6A3 /* Tests_iOSLaunchTests.swift */,
			);
			path = "Tests iOS";
			sourceTree = "<group>";
		};
		CA3D768627B6C5FC0082C6A3 /* Tests macOS */ = {
			isa = PBXGroup;
			children = (
				CA3D768727B6C5FC0082C6A3 /* Tests_macOS.swift */,
				CA3D768927B6C5FC0082C6A3 /* Tests_macOSLaunchTests.swift */,
			);
			path = "Tests macOS";
			sourceTree = "<group>";
		};
		CAC542FD27F4E37A00A465B6 /* UnitTests_macOS */ = {
			isa = PBXGroup;
			children = (
				CAC542FE27F4E37A00A465B6 /* UnitTests_macOS.swift */,
			);
			path = UnitTests_macOS;
			sourceTree = "<group>";
		};
/* End PBXGroup section */

/* Begin PBXNativeTarget section */
		CA3D766927B6C5FC0082C6A3 /* PassGen (iOS) */ = {
			isa = PBXNativeTarget;
			buildConfigurationList = CA3D769327B6C5FC0082C6A3 /* Build configuration list for PBXNativeTarget "PassGen (iOS)" */;
			buildPhases = (
				CA3D766627B6C5FC0082C6A3 /* Sources */,
				CA3D766727B6C5FC0082C6A3 /* Frameworks */,
				CA3D766827B6C5FC0082C6A3 /* Resources */,
			);
			buildRules = (
			);
			dependencies = (
			);
			name = "PassGen (iOS)";
			productName = "PassGen (iOS)";
			productReference = CA3D766A27B6C5FC0082C6A3 /* PassGen.app */;
			productType = "com.apple.product-type.application";
		};
		CA3D766F27B6C5FC0082C6A3 /* PassGen (macOS) */ = {
			isa = PBXNativeTarget;
			buildConfigurationList = CA3D769627B6C5FC0082C6A3 /* Build configuration list for PBXNativeTarget "PassGen (macOS)" */;
			buildPhases = (
				CA3D766C27B6C5FC0082C6A3 /* Sources */,
				CA3D766D27B6C5FC0082C6A3 /* Frameworks */,
				CA3D766E27B6C5FC0082C6A3 /* Resources */,
			);
			buildRules = (
			);
			dependencies = (
			);
			name = "PassGen (macOS)";
			productName = "PassGen (macOS)";
			productReference = CA3D767027B6C5FC0082C6A3 /* PassGen.app */;
			productType = "com.apple.product-type.application";
		};
		CA3D767627B6C5FC0082C6A3 /* Tests iOS */ = {
			isa = PBXNativeTarget;
			buildConfigurationList = CA3D769927B6C5FC0082C6A3 /* Build configuration list for PBXNativeTarget "Tests iOS" */;
			buildPhases = (
				CA3D767327B6C5FC0082C6A3 /* Sources */,
				CA3D767427B6C5FC0082C6A3 /* Frameworks */,
				CA3D767527B6C5FC0082C6A3 /* Resources */,
			);
			buildRules = (
			);
			dependencies = (
				CA3D767927B6C5FC0082C6A3 /* PBXTargetDependency */,
			);
			name = "Tests iOS";
			productName = "Tests iOS";
			productReference = CA3D767727B6C5FC0082C6A3 /* Tests iOS.xctest */;
			productType = "com.apple.product-type.bundle.ui-testing";
		};
		CA3D768227B6C5FC0082C6A3 /* Tests macOS */ = {
			isa = PBXNativeTarget;
			buildConfigurationList = CA3D769C27B6C5FC0082C6A3 /* Build configuration list for PBXNativeTarget "Tests macOS" */;
			buildPhases = (
				CA3D767F27B6C5FC0082C6A3 /* Sources */,
				CA3D768027B6C5FC0082C6A3 /* Frameworks */,
				CA3D768127B6C5FC0082C6A3 /* Resources */,
			);
			buildRules = (
			);
			dependencies = (
				CA3D768527B6C5FC0082C6A3 /* PBXTargetDependency */,
			);
			name = "Tests macOS";
			productName = "Tests macOS";
			productReference = CA3D768327B6C5FC0082C6A3 /* Tests macOS.xctest */;
			productType = "com.apple.product-type.bundle.ui-testing";
		};
		CAC542FB27F4E37A00A465B6 /* UnitTests_macOS */ = {
			isa = PBXNativeTarget;
			buildConfigurationList = CAC5430427F4E37A00A465B6 /* Build configuration list for PBXNativeTarget "UnitTests_macOS" */;
			buildPhases = (
				CAC542F827F4E37A00A465B6 /* Sources */,
				CAC542F927F4E37A00A465B6 /* Frameworks */,
				CAC542FA27F4E37A00A465B6 /* Resources */,
			);
			buildRules = (
			);
			dependencies = (
				CAC5430127F4E37A00A465B6 /* PBXTargetDependency */,
			);
			name = UnitTests_macOS;
			productName = UnitTests_macOS;
			productReference = CAC542FC27F4E37A00A465B6 /* UnitTests_macOS.xctest */;
			productType = "com.apple.product-type.bundle.unit-test";
		};
/* End PBXNativeTarget section */

/* Begin PBXProject section */
		CA3D765E27B6C5F90082C6A3 /* Project object */ = {
			isa = PBXProject;
			attributes = {
				BuildIndependentTargetsInParallel = 1;
				LastSwiftUpdateCheck = 1310;
				LastUpgradeCheck = 1310;
				TargetAttributes = {
					CA3D766927B6C5FC0082C6A3 = {
						CreatedOnToolsVersion = 13.1;
					};
					CA3D766F27B6C5FC0082C6A3 = {
						CreatedOnToolsVersion = 13.1;
					};
					CA3D767627B6C5FC0082C6A3 = {
						CreatedOnToolsVersion = 13.1;
						TestTargetID = CA3D766927B6C5FC0082C6A3;
					};
					CA3D768227B6C5FC0082C6A3 = {
						CreatedOnToolsVersion = 13.1;
						TestTargetID = CA3D766F27B6C5FC0082C6A3;
					};
					CAC542FB27F4E37A00A465B6 = {
						CreatedOnToolsVersion = 13.1;
						TestTargetID = CA3D766F27B6C5FC0082C6A3;
					};
				};
			};
			buildConfigurationList = CA3D766127B6C5F90082C6A3 /* Build configuration list for PBXProject "PassGen" */;
			compatibilityVersion = "Xcode 13.0";
			developmentRegion = en;
			hasScannedForEncodings = 0;
			knownRegions = (
				en,
				Base,
			);
			mainGroup = CA3D765D27B6C5F90082C6A3;
			productRefGroup = CA3D766B27B6C5FC0082C6A3 /* Products */;
			projectDirPath = "";
			projectRoot = "";
			targets = (
				CA3D766927B6C5FC0082C6A3 /* PassGen (iOS) */,
				CA3D766F27B6C5FC0082C6A3 /* PassGen (macOS) */,
				CA3D767627B6C5FC0082C6A3 /* Tests iOS */,
				CA3D768227B6C5FC0082C6A3 /* Tests macOS */,
				CAC542FB27F4E37A00A465B6 /* UnitTests_macOS */,
			);
		};
/* End PBXProject section */

/* Begin PBXResourcesBuildPhase section */
		CA3D766827B6C5FC0082C6A3 /* Resources */ = {
			isa = PBXResourcesBuildPhase;
			buildActionMask = 2147483647;
			files = (
				CA3D768F27B6C5FC0082C6A3 /* Assets.xcassets in Resources */,
			);
			runOnlyForDeploymentPostprocessing = 0;
		};
		CA3D766E27B6C5FC0082C6A3 /* Resources */ = {
			isa = PBXResourcesBuildPhase;
			buildActionMask = 2147483647;
			files = (
				CA3D769027B6C5FC0082C6A3 /* Assets.xcassets in Resources */,
			);
			runOnlyForDeploymentPostprocessing = 0;
		};
		CA3D767527B6C5FC0082C6A3 /* Resources */ = {
			isa = PBXResourcesBuildPhase;
			buildActionMask = 2147483647;
			files = (
			);
			runOnlyForDeploymentPostprocessing = 0;
		};
		CA3D768127B6C5FC0082C6A3 /* Resources */ = {
			isa = PBXResourcesBuildPhase;
			buildActionMask = 2147483647;
			files = (
			);
			runOnlyForDeploymentPostprocessing = 0;
		};
		CAC542FA27F4E37A00A465B6 /* Resources */ = {
			isa = PBXResourcesBuildPhase;
			buildActionMask = 2147483647;
			files = (
			);
			runOnlyForDeploymentPostprocessing = 0;
		};
/* End PBXResourcesBuildPhase section */

/* Begin PBXSourcesBuildPhase section */
		CA3D766627B6C5FC0082C6A3 /* Sources */ = {
			isa = PBXSourcesBuildPhase;
			buildActionMask = 2147483647;
			files = (
				CA3D768D27B6C5FC0082C6A3 /* ContentView.swift in Sources */,
				CA3D768B27B6C5FC0082C6A3 /* PassGenApp.swift in Sources */,
				CA3D76A027B6C64F0082C6A3 /* PasswordGenerator.swift in Sources */,
			);
			runOnlyForDeploymentPostprocessing = 0;
		};
		CA3D766C27B6C5FC0082C6A3 /* Sources */ = {
			isa = PBXSourcesBuildPhase;
			buildActionMask = 2147483647;
			files = (
				CA3D768E27B6C5FC0082C6A3 /* ContentView.swift in Sources */,
				CA3D768C27B6C5FC0082C6A3 /* PassGenApp.swift in Sources */,
				CA3D76A127B6C64F0082C6A3 /* PasswordGenerator.swift in Sources */,
			);
			runOnlyForDeploymentPostprocessing = 0;
		};
		CA3D767327B6C5FC0082C6A3 /* Sources */ = {
			isa = PBXSourcesBuildPhase;
			buildActionMask = 2147483647;
			files = (
				CA3D767E27B6C5FC0082C6A3 /* Tests_iOSLaunchTests.swift in Sources */,
				CA3D767C27B6C5FC0082C6A3 /* Tests_iOS.swift in Sources */,
			);
			runOnlyForDeploymentPostprocessing = 0;
		};
		CA3D767F27B6C5FC0082C6A3 /* Sources */ = {
			isa = PBXSourcesBuildPhase;
			buildActionMask = 2147483647;
			files = (
				CA3D768A27B6C5FC0082C6A3 /* Tests_macOSLaunchTests.swift in Sources */,
				CA3D768827B6C5FC0082C6A3 /* Tests_macOS.swift in Sources */,
			);
			runOnlyForDeploymentPostprocessing = 0;
		};
		CAC542F827F4E37A00A465B6 /* Sources */ = {
			isa = PBXSourcesBuildPhase;
			buildActionMask = 2147483647;
			files = (
				CAC542FF27F4E37A00A465B6 /* UnitTests_macOS.swift in Sources */,
			);
			runOnlyForDeploymentPostprocessing = 0;
		};
/* End PBXSourcesBuildPhase section */

/* Begin PBXTargetDependency section */
		CA3D767927B6C5FC0082C6A3 /* PBXTargetDependency */ = {
			isa = PBXTargetDependency;
			target = CA3D766927B6C5FC0082C6A3 /* PassGen (iOS) */;
			targetProxy = CA3D767827B6C5FC0082C6A3 /* PBXContainerItemProxy */;
		};
		CA3D768527B6C5FC0082C6A3 /* PBXTargetDependency */ = {
			isa = PBXTargetDependency;
			target = CA3D766F27B6C5FC0082C6A3 /* PassGen (macOS) */;
			targetProxy = CA3D768427B6C5FC0082C6A3 /* PBXContainerItemProxy */;
		};
		CAC5430127F4E37A00A465B6 /* PBXTargetDependency */ = {
			isa = PBXTargetDependency;
			target = CA3D766F27B6C5FC0082C6A3 /* PassGen (macOS) */;
			targetProxy = CAC5430027F4E37A00A465B6 /* PBXContainerItemProxy */;
		};
/* End PBXTargetDependency section */

/* Begin XCBuildConfiguration section */
		CA3D769127B6C5FC0082C6A3 /* Debug */ = {
			isa = XCBuildConfiguration;
			buildSettings = {
				ALWAYS_SEARCH_USER_PATHS = NO;
				CLANG_ANALYZER_NONNULL = YES;
				CLANG_ANALYZER_NUMBER_OBJECT_CONVERSION = YES_AGGRESSIVE;
				CLANG_CXX_LANGUAGE_STANDARD = "gnu++17";
				CLANG_CXX_LIBRARY = "libc++";
				CLANG_ENABLE_MODULES = YES;
				CLANG_ENABLE_OBJC_ARC = YES;
				CLANG_ENABLE_OBJC_WEAK = YES;
				CLANG_WARN_BLOCK_CAPTURE_AUTORELEASING = YES;
				CLANG_WARN_BOOL_CONVERSION = YES;
				CLANG_WARN_COMMA = YES;
				CLANG_WARN_CONSTANT_CONVERSION = YES;
				CLANG_WARN_DEPRECATED_OBJC_IMPLEMENTATIONS = YES;
				CLANG_WARN_DIRECT_OBJC_ISA_USAGE = YES_ERROR;
				CLANG_WARN_DOCUMENTATION_COMMENTS = YES;
				CLANG_WARN_EMPTY_BODY = YES;
				CLANG_WARN_ENUM_CONVERSION = YES;
				CLANG_WARN_INFINITE_RECURSION = YES;
				CLANG_WARN_INT_CONVERSION = YES;
				CLANG_WARN_NON_LITERAL_NULL_CONVERSION = YES;
				CLANG_WARN_OBJC_IMPLICIT_RETAIN_SELF = YES;
				CLANG_WARN_OBJC_LITERAL_CONVERSION = YES;
				CLANG_WARN_OBJC_ROOT_CLASS = YES_ERROR;
				CLANG_WARN_QUOTED_INCLUDE_IN_FRAMEWORK_HEADER = YES;
				CLANG_WARN_RANGE_LOOP_ANALYSIS = YES;
				CLANG_WARN_STRICT_PROTOTYPES = YES;
				CLANG_WARN_SUSPICIOUS_MOVE = YES;
				CLANG_WARN_UNGUARDED_AVAILABILITY = YES_AGGRESSIVE;
				CLANG_WARN_UNREACHABLE_CODE = YES;
				CLANG_WARN__DUPLICATE_METHOD_MATCH = YES;
				COPY_PHASE_STRIP = NO;
				DEBUG_INFORMATION_FORMAT = dwarf;
				ENABLE_STRICT_OBJC_MSGSEND = YES;
				ENABLE_TESTABILITY = YES;
				GCC_C_LANGUAGE_STANDARD = gnu11;
				GCC_DYNAMIC_NO_PIC = NO;
				GCC_NO_COMMON_BLOCKS = YES;
				GCC_OPTIMIZATION_LEVEL = 0;
				GCC_PREPROCESSOR_DEFINITIONS = (
					"DEBUG=1",
					"$(inherited)",
				);
				GCC_WARN_64_TO_32_BIT_CONVERSION = YES;
				GCC_WARN_ABOUT_RETURN_TYPE = YES_ERROR;
				GCC_WARN_UNDECLARED_SELECTOR = YES;
				GCC_WARN_UNINITIALIZED_AUTOS = YES_AGGRESSIVE;
				GCC_WARN_UNUSED_FUNCTION = YES;
				GCC_WARN_UNUSED_VARIABLE = YES;
				MTL_ENABLE_DEBUG_INFO = INCLUDE_SOURCE;
				MTL_FAST_MATH = YES;
				ONLY_ACTIVE_ARCH = YES;
				SWIFT_ACTIVE_COMPILATION_CONDITIONS = DEBUG;
				SWIFT_OPTIMIZATION_LEVEL = "-Onone";
			};
			name = Debug;
		};
		CA3D769227B6C5FC0082C6A3 /* Release */ = {
			isa = XCBuildConfiguration;
			buildSettings = {
				ALWAYS_SEARCH_USER_PATHS = NO;
				CLANG_ANALYZER_NONNULL = YES;
				CLANG_ANALYZER_NUMBER_OBJECT_CONVERSION = YES_AGGRESSIVE;
				CLANG_CXX_LANGUAGE_STANDARD = "gnu++17";
				CLANG_CXX_LIBRARY = "libc++";
				CLANG_ENABLE_MODULES = YES;
				CLANG_ENABLE_OBJC_ARC = YES;
				CLANG_ENABLE_OBJC_WEAK = YES;
				CLANG_WARN_BLOCK_CAPTURE_AUTORELEASING = YES;
				CLANG_WARN_BOOL_CONVERSION = YES;
				CLANG_WARN_COMMA = YES;
				CLANG_WARN_CONSTANT_CONVERSION = YES;
				CLANG_WARN_DEPRECATED_OBJC_IMPLEMENTATIONS = YES;
				CLANG_WARN_DIRECT_OBJC_ISA_USAGE = YES_ERROR;
				CLANG_WARN_DOCUMENTATION_COMMENTS = YES;
				CLANG_WARN_EMPTY_BODY = YES;
				CLANG_WARN_ENUM_CONVERSION = YES;
				CLANG_WARN_INFINITE_RECURSION = YES;
				CLANG_WARN_INT_CONVERSION = YES;
				CLANG_WARN_NON_LITERAL_NULL_CONVERSION = YES;
				CLANG_WARN_OBJC_IMPLICIT_RETAIN_SELF = YES;
				CLANG_WARN_OBJC_LITERAL_CONVERSION = YES;
				CLANG_WARN_OBJC_ROOT_CLASS = YES_ERROR;
				CLANG_WARN_QUOTED_INCLUDE_IN_FRAMEWORK_HEADER = YES;
				CLANG_WARN_RANGE_LOOP_ANALYSIS = YES;
				CLANG_WARN_STRICT_PROTOTYPES = YES;
				CLANG_WARN_SUSPICIOUS_MOVE = YES;
				CLANG_WARN_UNGUARDED_AVAILABILITY = YES_AGGRESSIVE;
				CLANG_WARN_UNREACHABLE_CODE = YES;
				CLANG_WARN__DUPLICATE_METHOD_MATCH = YES;
				COPY_PHASE_STRIP = NO;
				DEBUG_INFORMATION_FORMAT = "dwarf-with-dsym";
				ENABLE_NS_ASSERTIONS = NO;
				ENABLE_STRICT_OBJC_MSGSEND = YES;
				GCC_C_LANGUAGE_STANDARD = gnu11;
				GCC_NO_COMMON_BLOCKS = YES;
				GCC_WARN_64_TO_32_BIT_CONVERSION = YES;
				GCC_WARN_ABOUT_RETURN_TYPE = YES_ERROR;
				GCC_WARN_UNDECLARED_SELECTOR = YES;
				GCC_WARN_UNINITIALIZED_AUTOS = YES_AGGRESSIVE;
				GCC_WARN_UNUSED_FUNCTION = YES;
				GCC_WARN_UNUSED_VARIABLE = YES;
				MTL_ENABLE_DEBUG_INFO = NO;
				MTL_FAST_MATH = YES;
				SWIFT_COMPILATION_MODE = wholemodule;
				SWIFT_OPTIMIZATION_LEVEL = "-O";
			};
			name = Release;
		};
		CA3D769427B6C5FC0082C6A3 /* Debug */ = {
			isa = XCBuildConfiguration;
			buildSettings = {
				ASSETCATALOG_COMPILER_APPICON_NAME = AppIcon;
				ASSETCATALOG_COMPILER_GLOBAL_ACCENT_COLOR_NAME = AccentColor;
				CODE_SIGN_STYLE = Automatic;
				CURRENT_PROJECT_VERSION = 1;
				DEVELOPMENT_TEAM = 4392QR83DY;
				ENABLE_PREVIEWS = YES;
				GENERATE_INFOPLIST_FILE = YES;
				INFOPLIST_KEY_UIApplicationSceneManifest_Generation = YES;
				INFOPLIST_KEY_UIApplicationSupportsIndirectInputEvents = YES;
				INFOPLIST_KEY_UILaunchScreen_Generation = YES;
				INFOPLIST_KEY_UISupportedInterfaceOrientations_iPad = "UIInterfaceOrientationPortrait UIInterfaceOrientationPortraitUpsideDown UIInterfaceOrientationLandscapeLeft UIInterfaceOrientationLandscapeRight";
				INFOPLIST_KEY_UISupportedInterfaceOrientations_iPhone = "UIInterfaceOrientationPortrait UIInterfaceOrientationLandscapeLeft UIInterfaceOrientationLandscapeRight";
				IPHONEOS_DEPLOYMENT_TARGET = 15.0;
				LD_RUNPATH_SEARCH_PATHS = (
					"$(inherited)",
					"@executable_path/Frameworks",
				);
				MARKETING_VERSION = 1.0;
				PRODUCT_BUNDLE_IDENTIFIER = hr.singleton.PassGen;
				PRODUCT_NAME = PassGen;
				SDKROOT = iphoneos;
				SWIFT_EMIT_LOC_STRINGS = YES;
				SWIFT_VERSION = 5.0;
				TARGETED_DEVICE_FAMILY = "1,2";
			};
			name = Debug;
		};
		CA3D769527B6C5FC0082C6A3 /* Release */ = {
			isa = XCBuildConfiguration;
			buildSettings = {
				ASSETCATALOG_COMPILER_APPICON_NAME = AppIcon;
				ASSETCATALOG_COMPILER_GLOBAL_ACCENT_COLOR_NAME = AccentColor;
				CODE_SIGN_STYLE = Automatic;
				CURRENT_PROJECT_VERSION = 1;
				DEVELOPMENT_TEAM = 4392QR83DY;
				ENABLE_PREVIEWS = YES;
				GENERATE_INFOPLIST_FILE = YES;
				INFOPLIST_KEY_UIApplicationSceneManifest_Generation = YES;
				INFOPLIST_KEY_UIApplicationSupportsIndirectInputEvents = YES;
				INFOPLIST_KEY_UILaunchScreen_Generation = YES;
				INFOPLIST_KEY_UISupportedInterfaceOrientations_iPad = "UIInterfaceOrientationPortrait UIInterfaceOrientationPortraitUpsideDown UIInterfaceOrientationLandscapeLeft UIInterfaceOrientationLandscapeRight";
				INFOPLIST_KEY_UISupportedInterfaceOrientations_iPhone = "UIInterfaceOrientationPortrait UIInterfaceOrientationLandscapeLeft UIInterfaceOrientationLandscapeRight";
				IPHONEOS_DEPLOYMENT_TARGET = 15.0;
				LD_RUNPATH_SEARCH_PATHS = (
					"$(inherited)",
					"@executable_path/Frameworks",
				);
				MARKETING_VERSION = 1.0;
				PRODUCT_BUNDLE_IDENTIFIER = hr.singleton.PassGen;
				PRODUCT_NAME = PassGen;
				SDKROOT = iphoneos;
				SWIFT_EMIT_LOC_STRINGS = YES;
				SWIFT_VERSION = 5.0;
				TARGETED_DEVICE_FAMILY = "1,2";
				VALIDATE_PRODUCT = YES;
			};
			name = Release;
		};
		CA3D769727B6C5FC0082C6A3 /* Debug */ = {
			isa = XCBuildConfiguration;
			buildSettings = {
				ASSETCATALOG_COMPILER_APPICON_NAME = AppIcon;
				ASSETCATALOG_COMPILER_GLOBAL_ACCENT_COLOR_NAME = AccentColor;
				CODE_SIGN_ENTITLEMENTS = macOS/macOS.entitlements;
				CODE_SIGN_STYLE = Automatic;
				COMBINE_HIDPI_IMAGES = YES;
				CURRENT_PROJECT_VERSION = 1;
				DEVELOPMENT_TEAM = 4392QR83DY;
				ENABLE_HARDENED_RUNTIME = YES;
				ENABLE_PREVIEWS = YES;
				GENERATE_INFOPLIST_FILE = YES;
				INFOPLIST_KEY_NSHumanReadableCopyright = "";
				LD_RUNPATH_SEARCH_PATHS = (
					"$(inherited)",
					"@executable_path/../Frameworks",
				);
				MACOSX_DEPLOYMENT_TARGET = 12.0;
				MARKETING_VERSION = 1.0;
				PRODUCT_BUNDLE_IDENTIFIER = hr.singleton.PassGen;
				PRODUCT_NAME = PassGen;
				SDKROOT = macosx;
				SWIFT_EMIT_LOC_STRINGS = YES;
				SWIFT_VERSION = 5.0;
			};
			name = Debug;
		};
		CA3D769827B6C5FC0082C6A3 /* Release */ = {
			isa = XCBuildConfiguration;
			buildSettings = {
				ASSETCATALOG_COMPILER_APPICON_NAME = AppIcon;
				ASSETCATALOG_COMPILER_GLOBAL_ACCENT_COLOR_NAME = AccentColor;
				CODE_SIGN_ENTITLEMENTS = macOS/macOS.entitlements;
				CODE_SIGN_STYLE = Automatic;
				COMBINE_HIDPI_IMAGES = YES;
				CURRENT_PROJECT_VERSION = 1;
				DEVELOPMENT_TEAM = 4392QR83DY;
				ENABLE_HARDENED_RUNTIME = YES;
				ENABLE_PREVIEWS = YES;
				GENERATE_INFOPLIST_FILE = YES;
				INFOPLIST_KEY_NSHumanReadableCopyright = "";
				LD_RUNPATH_SEARCH_PATHS = (
					"$(inherited)",
					"@executable_path/../Frameworks",
				);
				MACOSX_DEPLOYMENT_TARGET = 12.0;
				MARKETING_VERSION = 1.0;
				PRODUCT_BUNDLE_IDENTIFIER = hr.singleton.PassGen;
				PRODUCT_NAME = PassGen;
				SDKROOT = macosx;
				SWIFT_EMIT_LOC_STRINGS = YES;
				SWIFT_VERSION = 5.0;
			};
			name = Release;
		};
		CA3D769A27B6C5FC0082C6A3 /* Debug */ = {
			isa = XCBuildConfiguration;
			buildSettings = {
				ALWAYS_EMBED_SWIFT_STANDARD_LIBRARIES = YES;
				CODE_SIGN_STYLE = Automatic;
				CURRENT_PROJECT_VERSION = 1;
				DEVELOPMENT_TEAM = 4392QR83DY;
				GENERATE_INFOPLIST_FILE = YES;
				IPHONEOS_DEPLOYMENT_TARGET = 15.0;
				LD_RUNPATH_SEARCH_PATHS = (
					"$(inherited)",
					"@executable_path/Frameworks",
					"@loader_path/Frameworks",
				);
				MARKETING_VERSION = 1.0;
				PRODUCT_BUNDLE_IDENTIFIER = "hr.singleton.Tests-iOS";
				PRODUCT_NAME = "$(TARGET_NAME)";
				SDKROOT = iphoneos;
				SWIFT_EMIT_LOC_STRINGS = NO;
				SWIFT_VERSION = 5.0;
				TARGETED_DEVICE_FAMILY = "1,2";
				TEST_TARGET_NAME = "PassGen (iOS)";
			};
			name = Debug;
		};
		CA3D769B27B6C5FC0082C6A3 /* Release */ = {
			isa = XCBuildConfiguration;
			buildSettings = {
				ALWAYS_EMBED_SWIFT_STANDARD_LIBRARIES = YES;
				CODE_SIGN_STYLE = Automatic;
				CURRENT_PROJECT_VERSION = 1;
				DEVELOPMENT_TEAM = 4392QR83DY;
				GENERATE_INFOPLIST_FILE = YES;
				IPHONEOS_DEPLOYMENT_TARGET = 15.0;
				LD_RUNPATH_SEARCH_PATHS = (
					"$(inherited)",
					"@executable_path/Frameworks",
					"@loader_path/Frameworks",
				);
				MARKETING_VERSION = 1.0;
				PRODUCT_BUNDLE_IDENTIFIER = "hr.singleton.Tests-iOS";
				PRODUCT_NAME = "$(TARGET_NAME)";
				SDKROOT = iphoneos;
				SWIFT_EMIT_LOC_STRINGS = NO;
				SWIFT_VERSION = 5.0;
				TARGETED_DEVICE_FAMILY = "1,2";
				TEST_TARGET_NAME = "PassGen (iOS)";
				VALIDATE_PRODUCT = YES;
			};
			name = Release;
		};
		CA3D769D27B6C5FC0082C6A3 /* Debug */ = {
			isa = XCBuildConfiguration;
			buildSettings = {
				ALWAYS_EMBED_SWIFT_STANDARD_LIBRARIES = YES;
				CODE_SIGN_STYLE = Automatic;
				COMBINE_HIDPI_IMAGES = YES;
				CURRENT_PROJECT_VERSION = 1;
				DEVELOPMENT_TEAM = 4392QR83DY;
				GENERATE_INFOPLIST_FILE = YES;
				LD_RUNPATH_SEARCH_PATHS = (
					"$(inherited)",
					"@executable_path/../Frameworks",
					"@loader_path/../Frameworks",
				);
				MACOSX_DEPLOYMENT_TARGET = 12.0;
				MARKETING_VERSION = 1.0;
				PRODUCT_BUNDLE_IDENTIFIER = "hr.singleton.Tests-macOS";
				PRODUCT_NAME = "$(TARGET_NAME)";
				SDKROOT = macosx;
				SWIFT_EMIT_LOC_STRINGS = NO;
				SWIFT_VERSION = 5.0;
				TEST_TARGET_NAME = "PassGen (macOS)";
			};
			name = Debug;
		};
		CA3D769E27B6C5FC0082C6A3 /* Release */ = {
			isa = XCBuildConfiguration;
			buildSettings = {
				ALWAYS_EMBED_SWIFT_STANDARD_LIBRARIES = YES;
				CODE_SIGN_STYLE = Automatic;
				COMBINE_HIDPI_IMAGES = YES;
				CURRENT_PROJECT_VERSION = 1;
				DEVELOPMENT_TEAM = 4392QR83DY;
				GENERATE_INFOPLIST_FILE = YES;
				LD_RUNPATH_SEARCH_PATHS = (
					"$(inherited)",
					"@executable_path/../Frameworks",
					"@loader_path/../Frameworks",
				);
				MACOSX_DEPLOYMENT_TARGET = 12.0;
				MARKETING_VERSION = 1.0;
				PRODUCT_BUNDLE_IDENTIFIER = "hr.singleton.Tests-macOS";
				PRODUCT_NAME = "$(TARGET_NAME)";
				SDKROOT = macosx;
				SWIFT_EMIT_LOC_STRINGS = NO;
				SWIFT_VERSION = 5.0;
				TEST_TARGET_NAME = "PassGen (macOS)";
			};
			name = Release;
		};
		CAC5430227F4E37A00A465B6 /* Debug */ = {
			isa = XCBuildConfiguration;
			buildSettings = {
				BUNDLE_LOADER = "$(TEST_HOST)";
				CODE_SIGN_STYLE = Automatic;
				COMBINE_HIDPI_IMAGES = YES;
				CURRENT_PROJECT_VERSION = 1;
				DEVELOPMENT_TEAM = 4392QR83DY;
				GENERATE_INFOPLIST_FILE = YES;
				LD_RUNPATH_SEARCH_PATHS = (
					"$(inherited)",
					"@executable_path/../Frameworks",
					"@loader_path/../Frameworks",
				);
				MACOSX_DEPLOYMENT_TARGET = 12.0;
				MARKETING_VERSION = 1.0;
				PRODUCT_BUNDLE_IDENTIFIER = "hr.singleton.UnitTests-macOS";
				PRODUCT_NAME = "$(TARGET_NAME)";
				SDKROOT = macosx;
				SWIFT_EMIT_LOC_STRINGS = NO;
				SWIFT_VERSION = 5.0;
				TEST_HOST = "$(BUILT_PRODUCTS_DIR)/PassGen.app/Contents/MacOS/PassGen";
			};
			name = Debug;
		};
		CAC5430327F4E37A00A465B6 /* Release */ = {
			isa = XCBuildConfiguration;
			buildSettings = {
				BUNDLE_LOADER = "$(TEST_HOST)";
				CODE_SIGN_STYLE = Automatic;
				COMBINE_HIDPI_IMAGES = YES;
				CURRENT_PROJECT_VERSION = 1;
				DEVELOPMENT_TEAM = 4392QR83DY;
				GENERATE_INFOPLIST_FILE = YES;
				LD_RUNPATH_SEARCH_PATHS = (
					"$(inherited)",
					"@executable_path/../Frameworks",
					"@loader_path/../Frameworks",
				);
				MACOSX_DEPLOYMENT_TARGET = 12.0;
				MARKETING_VERSION = 1.0;
				PRODUCT_BUNDLE_IDENTIFIER = "hr.singleton.UnitTests-macOS";
				PRODUCT_NAME = "$(TARGET_NAME)";
				SDKROOT = macosx;
				SWIFT_EMIT_LOC_STRINGS = NO;
				SWIFT_VERSION = 5.0;
				TEST_HOST = "$(BUILT_PRODUCTS_DIR)/PassGen.app/Contents/MacOS/PassGen";
			};
			name = Release;
		};
/* End XCBuildConfiguration section */

/* Begin XCConfigurationList section */
		CA3D766127B6C5F90082C6A3 /* Build configuration list for PBXProject "PassGen" */ = {
			isa = XCConfigurationList;
			buildConfigurations = (
				CA3D769127B6C5FC0082C6A3 /* Debug */,
				CA3D769227B6C5FC0082C6A3 /* Release */,
			);
			defaultConfigurationIsVisible = 0;
			defaultConfigurationName = Release;
		};
		CA3D769327B6C5FC0082C6A3 /* Build configuration list for PBXNativeTarget "PassGen (iOS)" */ = {
			isa = XCConfigurationList;
			buildConfigurations = (
				CA3D769427B6C5FC0082C6A3 /* Debug */,
				CA3D769527B6C5FC0082C6A3 /* Release */,
			);
			defaultConfigurationIsVisible = 0;
			defaultConfigurationName = Release;
		};
		CA3D769627B6C5FC0082C6A3 /* Build configuration list for PBXNativeTarget "PassGen (macOS)" */ = {
			isa = XCConfigurationList;
			buildConfigurations = (
				CA3D769727B6C5FC0082C6A3 /* Debug */,
				CA3D769827B6C5FC0082C6A3 /* Release */,
			);
			defaultConfigurationIsVisible = 0;
			defaultConfigurationName = Release;
		};
		CA3D769927B6C5FC0082C6A3 /* Build configuration list for PBXNativeTarget "Tests iOS" */ = {
			isa = XCConfigurationList;
			buildConfigurations = (
				CA3D769A27B6C5FC0082C6A3 /* Debug */,
				CA3D769B27B6C5FC0082C6A3 /* Release */,
			);
			defaultConfigurationIsVisible = 0;
			defaultConfigurationName = Release;
		};
		CA3D769C27B6C5FC0082C6A3 /* Build configuration list for PBXNativeTarget "Tests macOS" */ = {
			isa = XCConfigurationList;
			buildConfigurations = (
				CA3D769D27B6C5FC0082C6A3 /* Debug */,
				CA3D769E27B6C5FC0082C6A3 /* Release */,
			);
			defaultConfigurationIsVisible = 0;
			defaultConfigurationName = Release;
		};
		CAC5430427F4E37A00A465B6 /* Build configuration list for PBXNativeTarget "UnitTests_macOS" */ = {
			isa = XCConfigurationList;
			buildConfigurations = (
				CAC5430227F4E37A00A465B6 /* Debug */,
				CAC5430327F4E37A00A465B6 /* Release */,
			);
			defaultConfigurationIsVisible = 0;
			defaultConfigurationName = Release;
		};
/* End XCConfigurationList section */
	};
	rootObject = CA3D765E27B6C5F90082C6A3 /* Project object */;
}
